// !$*UTF8*$!
{
	archiveVersion = 1;
	classes = {
	};
	objectVersion = 50;
	objects = {

/* Begin PBXBuildFile section */
		7384B29122CB592700DD04D9 /* AppDelegate.swift in Sources */ = {isa = PBXBuildFile; fileRef = 7384B29022CB592700DD04D9 /* AppDelegate.swift */; };
		7384B29322CB592700DD04D9 /* ViewController.swift in Sources */ = {isa = PBXBuildFile; fileRef = 7384B29222CB592700DD04D9 /* ViewController.swift */; };
		7384B29622CB592700DD04D9 /* Main.storyboard in Resources */ = {isa = PBXBuildFile; fileRef = 7384B29422CB592700DD04D9 /* Main.storyboard */; };
		7384B29822CB592800DD04D9 /* Assets.xcassets in Resources */ = {isa = PBXBuildFile; fileRef = 7384B29722CB592800DD04D9 /* Assets.xcassets */; };
		7384B29B22CB592800DD04D9 /* LaunchScreen.storyboard in Resources */ = {isa = PBXBuildFile; fileRef = 7384B29922CB592800DD04D9 /* LaunchScreen.storyboard */; };
		7384B2A622CB594100DD04D9 /* CustomAlertViewController.xib in Resources */ = {isa = PBXBuildFile; fileRef = 7384B2A422CB594100DD04D9 /* CustomAlertViewController.xib */; };
		7384B2A822CB5BEF00DD04D9 /* CustomAlertViewController.swift in Sources */ = {isa = PBXBuildFile; fileRef = 7384B2A722CB5BEF00DD04D9 /* CustomAlertViewController.swift */; };
/* End PBXBuildFile section */

/* Begin PBXFileReference section */
		7384B28D22CB592700DD04D9 /* CustomAlertLikeKaKao.app */ = {isa = PBXFileReference; explicitFileType = wrapper.application; includeInIndex = 0; path = CustomAlertLikeKaKao.app; sourceTree = BUILT_PRODUCTS_DIR; };
		7384B29022CB592700DD04D9 /* AppDelegate.swift */ = {isa = PBXFileReference; lastKnownFileType = sourcecode.swift; path = AppDelegate.swift; sourceTree = "<group>"; };
		7384B29222CB592700DD04D9 /* ViewController.swift */ = {isa = PBXFileReference; lastKnownFileType = sourcecode.swift; path = ViewController.swift; sourceTree = "<group>"; };
		7384B29522CB592700DD04D9 /* Base */ = {isa = PBXFileReference; lastKnownFileType = file.storyboard; name = Base; path = Base.lproj/Main.storyboard; sourceTree = "<group>"; };
		7384B29722CB592800DD04D9 /* Assets.xcassets */ = {isa = PBXFileReference; lastKnownFileType = folder.assetcatalog; path = Assets.xcassets; sourceTree = "<group>"; };
		7384B29A22CB592800DD04D9 /* Base */ = {isa = PBXFileReference; lastKnownFileType = file.storyboard; name = Base; path = Base.lproj/LaunchScreen.storyboard; sourceTree = "<group>"; };
		7384B29C22CB592800DD04D9 /* Info.plist */ = {isa = PBXFileReference; lastKnownFileType = text.plist.xml; path = Info.plist; sourceTree = "<group>"; };
		7384B2A422CB594100DD04D9 /* CustomAlertViewController.xib */ = {isa = PBXFileReference; fileEncoding = 4; lastKnownFileType = file.xib; path = CustomAlertViewController.xib; sourceTree = "<group>"; };
		7384B2A722CB5BEF00DD04D9 /* CustomAlertViewController.swift */ = {isa = PBXFileReference; fileEncoding = 4; lastKnownFileType = sourcecode.swift; path = CustomAlertViewController.swift; sourceTree = "<group>"; };
/* End PBXFileReference section */

/* Begin PBXFrameworksBuildPhase section */
		7384B28A22CB592700DD04D9 /* Frameworks */ = {
			isa = PBXFrameworksBuildPhase;
			buildActionMask = 2147483647;
			files = (
			);
			runOnlyForDeploymentPostprocessing = 0;
		};
/* End PBXFrameworksBuildPhase section */

/* Begin PBXGroup section */
		7384B28422CB592700DD04D9 = {
			isa = PBXGroup;
			children = (
				7384B28F22CB592700DD04D9 /* CustomAlertLikeKaKao */,
				7384B28E22CB592700DD04D9 /* Products */,
			);
			sourceTree = "<group>";
		};
		7384B28E22CB592700DD04D9 /* Products */ = {
			isa = PBXGroup;
			children = (
				7384B28D22CB592700DD04D9 /* CustomAlertLikeKaKao.app */,
			);
			name = Products;
			sourceTree = "<group>";
		};
		7384B28F22CB592700DD04D9 /* CustomAlertLikeKaKao */ = {
			isa = PBXGroup;
			children = (
				7384B2A222CB594100DD04D9 /* CustomAlertView */,
				7384B29022CB592700DD04D9 /* AppDelegate.swift */,
				7384B29222CB592700DD04D9 /* ViewController.swift */,
				7384B29422CB592700DD04D9 /* Main.storyboard */,
				7384B29722CB592800DD04D9 /* Assets.xcassets */,
				7384B29922CB592800DD04D9 /* LaunchScreen.storyboard */,
				7384B29C22CB592800DD04D9 /* Info.plist */,
			);
			path = CustomAlertLikeKaKao;
			sourceTree = "<group>";
		};
		7384B2A222CB594100DD04D9 /* CustomAlertView */ = {
			isa = PBXGroup;
			children = (
				7384B2A722CB5BEF00DD04D9 /* CustomAlertViewController.swift */,
				7384B2A422CB594100DD04D9 /* CustomAlertViewController.xib */,
			);
			path = CustomAlertView;
			sourceTree = "<group>";
		};
/* End PBXGroup section */

/* Begin PBXNativeTarget section */
		7384B28C22CB592700DD04D9 /* CustomAlertLikeKaKao */ = {
			isa = PBXNativeTarget;
			buildConfigurationList = 7384B29F22CB592800DD04D9 /* Build configuration list for PBXNativeTarget "CustomAlertLikeKaKao" */;
			buildPhases = (
				7384B28922CB592700DD04D9 /* Sources */,
				7384B28A22CB592700DD04D9 /* Frameworks */,
				7384B28B22CB592700DD04D9 /* Resources */,
			);
			buildRules = (
			);
			dependencies = (
			);
			name = CustomAlertLikeKaKao;
			productName = CustomAlertLikeKaKao;
			productReference = 7384B28D22CB592700DD04D9 /* CustomAlertLikeKaKao.app */;
			productType = "com.apple.product-type.application";
		};
/* End PBXNativeTarget section */

/* Begin PBXProject section */
		7384B28522CB592700DD04D9 /* Project object */ = {
			isa = PBXProject;
			attributes = {
				LastSwiftUpdateCheck = 1020;
				LastUpgradeCheck = 1020;
				ORGANIZATIONNAME = "InKwon Devik Kim";
				TargetAttributes = {
					7384B28C22CB592700DD04D9 = {
						CreatedOnToolsVersion = 10.2.1;
					};
				};
			};
			buildConfigurationList = 7384B28822CB592700DD04D9 /* Build configuration list for PBXProject "CustomAlertLikeKaKao" */;
			compatibilityVersion = "Xcode 9.3";
			developmentRegion = en;
			hasScannedForEncodings = 0;
			knownRegions = (
				en,
				Base,
			);
			mainGroup = 7384B28422CB592700DD04D9;
			productRefGroup = 7384B28E22CB592700DD04D9 /* Products */;
			projectDirPath = "";
			projectRoot = "";
			targets = (
				7384B28C22CB592700DD04D9 /* CustomAlertLikeKaKao */,
			);
		};
/* End PBXProject section */

/* Begin PBXResourcesBuildPhase section */
		7384B28B22CB592700DD04D9 /* Resources */ = {
			isa = PBXResourcesBuildPhase;
			buildActionMask = 2147483647;
			files = (
				7384B29B22CB592800DD04D9 /* LaunchScreen.storyboard in Resources */,
				7384B29822CB592800DD04D9 /* Assets.xcassets in Resources */,
				7384B29622CB592700DD04D9 /* Main.storyboard in Resources */,
				7384B2A622CB594100DD04D9 /* CustomAlertViewController.xib in Resources */,
			);
			runOnlyForDeploymentPostprocessing = 0;
		};
/* End PBXResourcesBuildPhase section */

/* Begin PBXSourcesBuildPhase section */
		7384B28922CB592700DD04D9 /* Sources */ = {
			isa = PBXSourcesBuildPhase;
			buildActionMask = 2147483647;
			files = (
				7384B29322CB592700DD04D9 /* ViewController.swift in Sources */,
				7384B29122CB592700DD04D9 /* AppDelegate.swift in Sources */,
				7384B2A822CB5BEF00DD04D9 /* CustomAlertViewController.swift in Sources */,
			);
			runOnlyForDeploymentPostprocessing = 0;
		};
/* End PBXSourcesBuildPhase section */

/* Begin PBXVariantGroup section */
		7384B29422CB592700DD04D9 /* Main.storyboard */ = {
			isa = PBXVariantGroup;
			children = (
				7384B29522CB592700DD04D9 /* Base */,
			);
			name = Main.storyboard;
			sourceTree = "<group>";
		};
		7384B29922CB592800DD04D9 /* LaunchScreen.storyboard */ = {
			isa = PBXVariantGroup;
			children = (
				7384B29A22CB592800DD04D9 /* Base */,
			);
			name = LaunchScreen.storyboard;
			sourceTree = "<group>";
		};
/* End PBXVariantGroup section */

/* Begin XCBuildConfiguration section */
		7384B29D22CB592800DD04D9 /* Debug */ = {
			isa = XCBuildConfiguration;
			buildSettings = {
				ALWAYS_SEARCH_USER_PATHS = NO;
				CLANG_ANALYZER_NONNULL = YES;
				CLANG_ANALYZER_NUMBER_OBJECT_CONVERSION = YES_AGGRESSIVE;
				CLANG_CXX_LANGUAGE_STANDARD = "gnu++14";
				CLANG_CXX_LIBRARY = "libc++";
				CLANG_ENABLE_MODULES = YES;
				CLANG_ENABLE_OBJC_ARC = YES;
				CLANG_ENABLE_OBJC_WEAK = YES;
				CLANG_WARN_BLOCK_CAPTURE_AUTORELEASING = YES;
				CLANG_WARN_BOOL_CONVERSION = YES;
				CLANG_WARN_COMMA = YES;
				CLANG_WARN_CONSTANT_CONVERSION = YES;
				CLANG_WARN_DEPRECATED_OBJC_IMPLEMENTATIONS = YES;
				CLANG_WARN_DIRECT_OBJC_ISA_USAGE = YES_ERROR;
				CLANG_WARN_DOCUMENTATION_COMMENTS = YES;
				CLANG_WARN_EMPTY_BODY = YES;
				CLANG_WARN_ENUM_CONVERSION = YES;
				CLANG_WARN_INFINITE_RECURSION = YES;
				CLANG_WARN_INT_CONVERSION = YES;
				CLANG_WARN_NON_LITERAL_NULL_CONVERSION = YES;
				CLANG_WARN_OBJC_IMPLICIT_RETAIN_SELF = YES;
				CLANG_WARN_OBJC_LITERAL_CONVERSION = YES;
				CLANG_WARN_OBJC_ROOT_CLASS = YES_ERROR;
				CLANG_WARN_RANGE_LOOP_ANALYSIS = YES;
				CLANG_WARN_STRICT_PROTOTYPES = YES;
				CLANG_WARN_SUSPICIOUS_MOVE = YES;
				CLANG_WARN_UNGUARDED_AVAILABILITY = YES_AGGRESSIVE;
				CLANG_WARN_UNREACHABLE_CODE = YES;
				CLANG_WARN__DUPLICATE_METHOD_MATCH = YES;
				CODE_SIGN_IDENTITY = "iPhone Developer";
				COPY_PHASE_STRIP = NO;
				DEBUG_INFORMATION_FORMAT = dwarf;
				ENABLE_STRICT_OBJC_MSGSEND = YES;
				ENABLE_TESTABILITY = YES;
				GCC_C_LANGUAGE_STANDARD = gnu11;
				GCC_DYNAMIC_NO_PIC = NO;
				GCC_NO_COMMON_BLOCKS = YES;
				GCC_OPTIMIZATION_LEVEL = 0;
				GCC_PREPROCESSOR_DEFINITIONS = (
					"DEBUG=1",
					"$(inherited)",
				);
				GCC_WARN_64_TO_32_BIT_CONVERSION = YES;
				GCC_WARN_ABOUT_RETURN_TYPE = YES_ERROR;
				GCC_WARN_UNDECLARED_SELECTOR = YES;
				GCC_WARN_UNINITIALIZED_AUTOS = YES_AGGRESSIVE;
				GCC_WARN_UNUSED_FUNCTION = YES;
				GCC_WARN_UNUSED_VARIABLE = YES;
				IPHONEOS_DEPLOYMENT_TARGET = 12.2;
				MTL_ENABLE_DEBUG_INFO = INCLUDE_SOURCE;
				MTL_FAST_MATH = YES;
				ONLY_ACTIVE_ARCH = YES;
				SDKROOT = iphoneos;
				SWIFT_ACTIVE_COMPILATION_CONDITIONS = DEBUG;
				SWIFT_OPTIMIZATION_LEVEL = "-Onone";
			};
			name = Debug;
		};
		7384B29E22CB592800DD04D9 /* Release */ = {
			isa = XCBuildConfiguration;
			buildSettings = {
				ALWAYS_SEARCH_USER_PATHS = NO;
				CLANG_ANALYZER_NONNULL = YES;
				CLANG_ANALYZER_NUMBER_OBJECT_CONVERSION = YES_AGGRESSIVE;
				CLANG_CXX_LANGUAGE_STANDARD = "gnu++14";
				CLANG_CXX_LIBRARY = "libc++";
				CLANG_ENABLE_MODULES = YES;
				CLANG_ENABLE_OBJC_ARC = YES;
				CLANG_ENABLE_OBJC_WEAK = YES;
				CLANG_WARN_BLOCK_CAPTURE_AUTORELEASING = YES;
				CLANG_WARN_BOOL_CONVERSION = YES;
				CLANG_WARN_COMMA = YES;
				CLANG_WARN_CONSTANT_CONVERSION = YES;
				CLANG_WARN_DEPRECATED_OBJC_IMPLEMENTATIONS = YES;
				CLANG_WARN_DIRECT_OBJC_ISA_USAGE = YES_ERROR;
				CLANG_WARN_DOCUMENTATION_COMMENTS = YES;
				CLANG_WARN_EMPTY_BODY = YES;
				CLANG_WARN_ENUM_CONVERSION = YES;
				CLANG_WARN_INFINITE_RECURSION = YES;
				CLANG_WARN_INT_CONVERSION = YES;
				CLANG_WARN_NON_LITERAL_NULL_CONVERSION = YES;
				CLANG_WARN_OBJC_IMPLICIT_RETAIN_SELF = YES;
				CLANG_WARN_OBJC_LITERAL_CONVERSION = YES;
				CLANG_WARN_OBJC_ROOT_CLASS = YES_ERROR;
				CLANG_WARN_RANGE_LOOP_ANALYSIS = YES;
				CLANG_WARN_STRICT_PROTOTYPES = YES;
				CLANG_WARN_SUSPICIOUS_MOVE = YES;
				CLANG_WARN_UNGUARDED_AVAILABILITY = YES_AGGRESSIVE;
				CLANG_WARN_UNREACHABLE_CODE = YES;
				CLANG_WARN__DUPLICATE_METHOD_MATCH = YES;
				CODE_SIGN_IDENTITY = "iPhone Developer";
				COPY_PHASE_STRIP = NO;
				DEBUG_INFORMATION_FORMAT = "dwarf-with-dsym";
				ENABLE_NS_ASSERTIONS = NO;
				ENABLE_STRICT_OBJC_MSGSEND = YES;
				GCC_C_LANGUAGE_STANDARD = gnu11;
				GCC_NO_COMMON_BLOCKS = YES;
				GCC_WARN_64_TO_32_BIT_CONVERSION = YES;
				GCC_WARN_ABOUT_RETURN_TYPE = YES_ERROR;
				GCC_WARN_UNDECLARED_SELECTOR = YES;
				GCC_WARN_UNINITIALIZED_AUTOS = YES_AGGRESSIVE;
				GCC_WARN_UNUSED_FUNCTION = YES;
				GCC_WARN_UNUSED_VARIABLE = YES;
				IPHONEOS_DEPLOYMENT_TARGET = 12.2;
				MTL_ENABLE_DEBUG_INFO = NO;
				MTL_FAST_MATH = YES;
				SDKROOT = iphoneos;
				SWIFT_COMPILATION_MODE = wholemodule;
				SWIFT_OPTIMIZATION_LEVEL = "-O";
				VALIDATE_PRODUCT = YES;
			};
			name = Release;
		};
		7384B2A022CB592800DD04D9 /* Debug */ = {
			isa = XCBuildConfiguration;
			buildSettings = {
				ASSETCATALOG_COMPILER_APPICON_NAME = AppIcon;
				CODE_SIGN_STYLE = Automatic;
				DEVELOPMENT_TEAM = ZF8NN25XW6;
				INFOPLIST_FILE = CustomAlertLikeKaKao/Info.plist;
				LD_RUNPATH_SEARCH_PATHS = (
					"$(inherited)",
					"@executable_path/Frameworks",
				);
				PRODUCT_BUNDLE_IDENTIFIER = com.devik.CustomAlertLikeKaKao;
				PRODUCT_NAME = "$(TARGET_NAME)";
				SWIFT_VERSION = 5.0;
				TARGETED_DEVICE_FAMILY = "1,2";
			};
			name = Debug;
		};
		7384B2A122CB592800DD04D9 /* Release */ = {
			isa = XCBuildConfiguration;
			buildSettings = {
				ASSETCATALOG_COMPILER_APPICON_NAME = AppIcon;
				CODE_SIGN_STYLE = Automatic;
				DEVELOPMENT_TEAM = ZF8NN25XW6;
				INFOPLIST_FILE = CustomAlertLikeKaKao/Info.plist;
				LD_RUNPATH_SEARCH_PATHS = (
					"$(inherited)",
					"@executable_path/Frameworks",
				);
				PRODUCT_BUNDLE_IDENTIFIER = com.devik.CustomAlertLikeKaKao;
				PRODUCT_NAME = "$(TARGET_NAME)";
				SWIFT_VERSION = 5.0;
				TARGETED_DEVICE_FAMILY = "1,2";
			};
			name = Release;
		};
/* End XCBuildConfiguration section */

/* Begin XCConfigurationList section */
		7384B28822CB592700DD04D9 /* Build configuration list for PBXProject "CustomAlertLikeKaKao" */ = {
			isa = XCConfigurationList;
			buildConfigurations = (
				7384B29D22CB592800DD04D9 /* Debug */,
				7384B29E22CB592800DD04D9 /* Release */,
			);
			defaultConfigurationIsVisible = 0;
			defaultConfigurationName = Release;
		};
		7384B29F22CB592800DD04D9 /* Build configuration list for PBXNativeTarget "CustomAlertLikeKaKao" */ = {
			isa = XCConfigurationList;
			buildConfigurations = (
				7384B2A022CB592800DD04D9 /* Debug */,
				7384B2A122CB592800DD04D9 /* Release */,
			);
			defaultConfigurationIsVisible = 0;
			defaultConfigurationName = Release;
		};
/* End XCConfigurationList section */
	};
	rootObject = 7384B28522CB592700DD04D9 /* Project object */;
}
